
Microsoft Visual Studio Solution File, Format Version 12.00
# Visual Studio Version 17
VisualStudioVersion = 17.0.31903.59
MinimumVisualStudioVersion = 10.0.40219.1
Project("{2150E333-8FDC-42A3-9474-1A3956D46DE8}") = "EndPoints", "EndPoints", "{9123F5A4-7C2B-4117-AD91-AF7FE4645B39}"
EndProject
Project("{2150E333-8FDC-42A3-9474-1A3956D46DE8}") = "Core", "Core", "{53E7C739-E68B-4680-BB4E-A4E3296D12CC}"
EndProject
Project("{2150E333-8FDC-42A3-9474-1A3956D46DE8}") = "Infrastructure", "Infrastructure", "{517180CF-68B4-448A-B5F3-8F6A24DD49E4}"
EndProject
Project("{9A19103F-16F7-4668-BE54-9A1E7A4F7556}") = "Dariosoft.EmailSender.EndPoint.Abstraction", "Project\EndPoints\Abstraction\Dariosoft.EmailSender.EndPoint.Abstraction.csproj", "{877262B2-5B65-40A8-B510-18EC023BA6A0}"
EndProject
Project("{9A19103F-16F7-4668-BE54-9A1E7A4F7556}") = "Dariosoft.EmailSender.EndPoint.gRPC", "Project\EndPoints\gRPC\Dariosoft.EmailSender.EndPoint.gRPC.csproj", "{DB1E43C7-44D3-46D4-9E29-206E728AFE62}"
EndProject
Project("{9A19103F-16F7-4668-BE54-9A1E7A4F7556}") = "Dariosoft.EmailSender.EndPoint.Api", "Project\EndPoints\Api\Dariosoft.EmailSender.EndPoint.Api.csproj", "{2C005A3E-548E-4A28-9DFA-232767FA32D5}"
EndProject
Project("{9A19103F-16F7-4668-BE54-9A1E7A4F7556}") = "Dariosoft.EmailSender.Infrastructure", "Project\Infrastructures\Infrastructure\Dariosoft.EmailSender.Infrastructure.csproj", "{19BC8DD8-7705-47D8-AA43-ABBA7EA489AB}"
EndProject
Project("{9A19103F-16F7-4668-BE54-9A1E7A4F7556}") = "Dariosoft.EmailSender.Infrastructure.Database", "Project\Infrastructures\Database\Dariosoft.EmailSender.Infrastructure.Database.csproj", "{8213B64D-ACE4-41D8-817D-73D69F57D51D}"
EndProject
Project("{2150E333-8FDC-42A3-9474-1A3956D46DE8}") = "Application", "Application", "{16194CC0-CFD0-4A5C-BA9E-993EB244312E}"
EndProject
Project("{9A19103F-16F7-4668-BE54-9A1E7A4F7556}") = "Dariosoft.EmailSender.Core.Repositories", "Project\Core\Repositories\Dariosoft.EmailSender.Core.Repositories.csproj", "{BCE312B8-4124-4CFC-BE03-6C4176EC0F2A}"
EndProject
Project("{9A19103F-16F7-4668-BE54-9A1E7A4F7556}") = "Dariosoft.EmailSender.Core.Models", "Project\Core\Models\Dariosoft.EmailSender.Core.Models.csproj", "{DDC8E739-6642-4C30-87CC-36FE3DF552FA}"
EndProject
Project("{9A19103F-16F7-4668-BE54-9A1E7A4F7556}") = "Dariosoft.EmailSender.Application", "Project\Application\Application\Dariosoft.EmailSender.Application.csproj", "{49EC85EF-2A5E-4F55-8315-F82247690972}"
EndProject
Project("{2150E333-8FDC-42A3-9474-1A3956D46DE8}") = "Dariosoft", "Dariosoft", "{190A8488-6E1E-4B65-9D3E-E274923D0FC4}"
EndProject
Project("{9A19103F-16F7-4668-BE54-9A1E7A4F7556}") = "Dariosoft.Framework", "Dariosoft\Framework\Dariosoft.Framework.csproj", "{C2EA3A04-2EBC-446F-B47E-DA037EBF92BA}"
EndProject
Project("{2150E333-8FDC-42A3-9474-1A3956D46DE8}") = "Project", "Project", "{9CD29F4E-9406-4CBF-BFE6-94BBB1E798C1}"
EndProject
Project("{9A19103F-16F7-4668-BE54-9A1E7A4F7556}") = "Dariosoft.EmailSender.EndPoint", "Project\EndPoints\EndPoint\Dariosoft.EmailSender.EndPoint.csproj", "{0C73EA02-2733-4D78-9675-2BEEA4C53D33}"
EndProject
Project("{9A19103F-16F7-4668-BE54-9A1E7A4F7556}") = "Dariosoft.EmailSender.Enums", "Project\Core\Enums\Dariosoft.EmailSender.Enums.csproj", "{9EF7476E-E6A2-4854-97B9-95F90977682A}"
EndProject
Project("{9A19103F-16F7-4668-BE54-9A1E7A4F7556}") = "Dariosoft.EmailSender.I18n", "Project\Core\I18n\Dariosoft.EmailSender.I18n.csproj", "{C54421E2-BEEF-45A0-ABAD-37E4C56E9207}"
EndProject
Project("{FAE04EC0-301F-11D3-BF4B-00C04F79EFBC}") = "Dariosoft.Framework.Cryptography", "Dariosoft\Cryptography\Dariosoft.Framework.Cryptography.csproj", "{B9CB6A56-EE7A-4CE6-B81E-59BB0B17198B}"
EndProject
Project("{2150E333-8FDC-42A3-9474-1A3956D46DE8}") = "Workers", "Workers", "{0609D4A9-B858-46F6-8154-CEB2389E8974}"
EndProject
Project("{FAE04EC0-301F-11D3-BF4B-00C04F79EFBC}") = "Dariosoft.EmailSender.PostmanWorkerService", "Project\Workers\PostmanWorkerService\Dariosoft.EmailSender.PostmanWorkerService.csproj", "{6203EAC8-8F20-47F3-97FE-4D4E892AB144}"
EndProject
Global
	GlobalSection(SolutionConfigurationPlatforms) = preSolution
		Debug|Any CPU = Debug|Any CPU
		Release|Any CPU = Release|Any CPU
	EndGlobalSection
	GlobalSection(ProjectConfigurationPlatforms) = postSolution
		{877262B2-5B65-40A8-B510-18EC023BA6A0}.Debug|Any CPU.ActiveCfg = Debug|Any CPU
		{877262B2-5B65-40A8-B510-18EC023BA6A0}.Debug|Any CPU.Build.0 = Debug|Any CPU
		{877262B2-5B65-40A8-B510-18EC023BA6A0}.Release|Any CPU.ActiveCfg = Release|Any CPU
		{877262B2-5B65-40A8-B510-18EC023BA6A0}.Release|Any CPU.Build.0 = Release|Any CPU
		{DB1E43C7-44D3-46D4-9E29-206E728AFE62}.Debug|Any CPU.ActiveCfg = Debug|Any CPU
		{DB1E43C7-44D3-46D4-9E29-206E728AFE62}.Debug|Any CPU.Build.0 = Debug|Any CPU
		{DB1E43C7-44D3-46D4-9E29-206E728AFE62}.Release|Any CPU.ActiveCfg = Release|Any CPU
		{DB1E43C7-44D3-46D4-9E29-206E728AFE62}.Release|Any CPU.Build.0 = Release|Any CPU
		{2C005A3E-548E-4A28-9DFA-232767FA32D5}.Debug|Any CPU.ActiveCfg = Debug|Any CPU
		{2C005A3E-548E-4A28-9DFA-232767FA32D5}.Debug|Any CPU.Build.0 = Debug|Any CPU
		{2C005A3E-548E-4A28-9DFA-232767FA32D5}.Release|Any CPU.ActiveCfg = Release|Any CPU
		{2C005A3E-548E-4A28-9DFA-232767FA32D5}.Release|Any CPU.Build.0 = Release|Any CPU
		{19BC8DD8-7705-47D8-AA43-ABBA7EA489AB}.Debug|Any CPU.ActiveCfg = Debug|Any CPU
		{19BC8DD8-7705-47D8-AA43-ABBA7EA489AB}.Debug|Any CPU.Build.0 = Debug|Any CPU
		{19BC8DD8-7705-47D8-AA43-ABBA7EA489AB}.Release|Any CPU.ActiveCfg = Release|Any CPU
		{19BC8DD8-7705-47D8-AA43-ABBA7EA489AB}.Release|Any CPU.Build.0 = Release|Any CPU
		{8213B64D-ACE4-41D8-817D-73D69F57D51D}.Debug|Any CPU.ActiveCfg = Debug|Any CPU
		{8213B64D-ACE4-41D8-817D-73D69F57D51D}.Debug|Any CPU.Build.0 = Debug|Any CPU
		{8213B64D-ACE4-41D8-817D-73D69F57D51D}.Release|Any CPU.ActiveCfg = Release|Any CPU
		{8213B64D-ACE4-41D8-817D-73D69F57D51D}.Release|Any CPU.Build.0 = Release|Any CPU
		{BCE312B8-4124-4CFC-BE03-6C4176EC0F2A}.Debug|Any CPU.ActiveCfg = Debug|Any CPU
		{BCE312B8-4124-4CFC-BE03-6C4176EC0F2A}.Debug|Any CPU.Build.0 = Debug|Any CPU
		{BCE312B8-4124-4CFC-BE03-6C4176EC0F2A}.Release|Any CPU.ActiveCfg = Release|Any CPU
		{BCE312B8-4124-4CFC-BE03-6C4176EC0F2A}.Release|Any CPU.Build.0 = Release|Any CPU
		{DDC8E739-6642-4C30-87CC-36FE3DF552FA}.Debug|Any CPU.ActiveCfg = Debug|Any CPU
		{DDC8E739-6642-4C30-87CC-36FE3DF552FA}.Debug|Any CPU.Build.0 = Debug|Any CPU
		{DDC8E739-6642-4C30-87CC-36FE3DF552FA}.Release|Any CPU.ActiveCfg = Release|Any CPU
		{DDC8E739-6642-4C30-87CC-36FE3DF552FA}.Release|Any CPU.Build.0 = Release|Any CPU
		{49EC85EF-2A5E-4F55-8315-F82247690972}.Debug|Any CPU.ActiveCfg = Debug|Any CPU
		{49EC85EF-2A5E-4F55-8315-F82247690972}.Debug|Any CPU.Build.0 = Debug|Any CPU
		{49EC85EF-2A5E-4F55-8315-F82247690972}.Release|Any CPU.ActiveCfg = Release|Any CPU
		{49EC85EF-2A5E-4F55-8315-F82247690972}.Release|Any CPU.Build.0 = Release|Any CPU
		{C2EA3A04-2EBC-446F-B47E-DA037EBF92BA}.Debug|Any CPU.ActiveCfg = Debug|Any CPU
		{C2EA3A04-2EBC-446F-B47E-DA037EBF92BA}.Debug|Any CPU.Build.0 = Debug|Any CPU
		{C2EA3A04-2EBC-446F-B47E-DA037EBF92BA}.Release|Any CPU.ActiveCfg = Release|Any CPU
		{C2EA3A04-2EBC-446F-B47E-DA037EBF92BA}.Release|Any CPU.Build.0 = Release|Any CPU
		{0C73EA02-2733-4D78-9675-2BEEA4C53D33}.Debug|Any CPU.ActiveCfg = Debug|Any CPU
		{0C73EA02-2733-4D78-9675-2BEEA4C53D33}.Debug|Any CPU.Build.0 = Debug|Any CPU
		{0C73EA02-2733-4D78-9675-2BEEA4C53D33}.Release|Any CPU.ActiveCfg = Release|Any CPU
		{0C73EA02-2733-4D78-9675-2BEEA4C53D33}.Release|Any CPU.Build.0 = Release|Any CPU
		{9EF7476E-E6A2-4854-97B9-95F90977682A}.Debug|Any CPU.ActiveCfg = Debug|Any CPU
		{9EF7476E-E6A2-4854-97B9-95F90977682A}.Debug|Any CPU.Build.0 = Debug|Any CPU
		{9EF7476E-E6A2-4854-97B9-95F90977682A}.Release|Any CPU.ActiveCfg = Release|Any CPU
		{9EF7476E-E6A2-4854-97B9-95F90977682A}.Release|Any CPU.Build.0 = Release|Any CPU
		{C54421E2-BEEF-45A0-ABAD-37E4C56E9207}.Debug|Any CPU.ActiveCfg = Debug|Any CPU
		{C54421E2-BEEF-45A0-ABAD-37E4C56E9207}.Debug|Any CPU.Build.0 = Debug|Any CPU
		{C54421E2-BEEF-45A0-ABAD-37E4C56E9207}.Release|Any CPU.ActiveCfg = Release|Any CPU
		{C54421E2-BEEF-45A0-ABAD-37E4C56E9207}.Release|Any CPU.Build.0 = Release|Any CPU
		{B9CB6A56-EE7A-4CE6-B81E-59BB0B17198B}.Debug|Any CPU.ActiveCfg = Debug|Any CPU
		{B9CB6A56-EE7A-4CE6-B81E-59BB0B17198B}.Debug|Any CPU.Build.0 = Debug|Any CPU
		{B9CB6A56-EE7A-4CE6-B81E-59BB0B17198B}.Release|Any CPU.ActiveCfg = Release|Any CPU
		{B9CB6A56-EE7A-4CE6-B81E-59BB0B17198B}.Release|Any CPU.Build.0 = Release|Any CPU
		{6203EAC8-8F20-47F3-97FE-4D4E892AB144}.Debug|Any CPU.ActiveCfg = Debug|Any CPU
		{6203EAC8-8F20-47F3-97FE-4D4E892AB144}.Debug|Any CPU.Build.0 = Debug|Any CPU
		{6203EAC8-8F20-47F3-97FE-4D4E892AB144}.Release|Any CPU.ActiveCfg = Release|Any CPU
		{6203EAC8-8F20-47F3-97FE-4D4E892AB144}.Release|Any CPU.Build.0 = Release|Any CPU
	EndGlobalSection
	GlobalSection(SolutionProperties) = preSolution
		HideSolutionNode = FALSE
	EndGlobalSection
	GlobalSection(NestedProjects) = preSolution
		{9123F5A4-7C2B-4117-AD91-AF7FE4645B39} = {9CD29F4E-9406-4CBF-BFE6-94BBB1E798C1}
		{53E7C739-E68B-4680-BB4E-A4E3296D12CC} = {9CD29F4E-9406-4CBF-BFE6-94BBB1E798C1}
		{517180CF-68B4-448A-B5F3-8F6A24DD49E4} = {9CD29F4E-9406-4CBF-BFE6-94BBB1E798C1}
		{877262B2-5B65-40A8-B510-18EC023BA6A0} = {9123F5A4-7C2B-4117-AD91-AF7FE4645B39}
		{DB1E43C7-44D3-46D4-9E29-206E728AFE62} = {9123F5A4-7C2B-4117-AD91-AF7FE4645B39}
		{2C005A3E-548E-4A28-9DFA-232767FA32D5} = {9123F5A4-7C2B-4117-AD91-AF7FE4645B39}
		{19BC8DD8-7705-47D8-AA43-ABBA7EA489AB} = {517180CF-68B4-448A-B5F3-8F6A24DD49E4}
		{8213B64D-ACE4-41D8-817D-73D69F57D51D} = {517180CF-68B4-448A-B5F3-8F6A24DD49E4}
		{16194CC0-CFD0-4A5C-BA9E-993EB244312E} = {9CD29F4E-9406-4CBF-BFE6-94BBB1E798C1}
		{BCE312B8-4124-4CFC-BE03-6C4176EC0F2A} = {53E7C739-E68B-4680-BB4E-A4E3296D12CC}
		{DDC8E739-6642-4C30-87CC-36FE3DF552FA} = {53E7C739-E68B-4680-BB4E-A4E3296D12CC}
		{49EC85EF-2A5E-4F55-8315-F82247690972} = {16194CC0-CFD0-4A5C-BA9E-993EB244312E}
		{C2EA3A04-2EBC-446F-B47E-DA037EBF92BA} = {190A8488-6E1E-4B65-9D3E-E274923D0FC4}
		{0C73EA02-2733-4D78-9675-2BEEA4C53D33} = {9123F5A4-7C2B-4117-AD91-AF7FE4645B39}
		{9EF7476E-E6A2-4854-97B9-95F90977682A} = {53E7C739-E68B-4680-BB4E-A4E3296D12CC}
		{C54421E2-BEEF-45A0-ABAD-37E4C56E9207} = {53E7C739-E68B-4680-BB4E-A4E3296D12CC}
		{B9CB6A56-EE7A-4CE6-B81E-59BB0B17198B} = {190A8488-6E1E-4B65-9D3E-E274923D0FC4}
		{0609D4A9-B858-46F6-8154-CEB2389E8974} = {9CD29F4E-9406-4CBF-BFE6-94BBB1E798C1}
		{6203EAC8-8F20-47F3-97FE-4D4E892AB144} = {0609D4A9-B858-46F6-8154-CEB2389E8974}
	EndGlobalSection
	GlobalSection(ExtensibilityGlobals) = postSolution
		SolutionGuid = {513B3CD9-6223-4CE9-82CA-C1E70639D016}
	EndGlobalSection
EndGlobal
